// !$*UTF8*$!
{
	archiveVersion = 1;
	classes = {
	};
	objectVersion = 55;
	objects = {

/* Begin PBXBuildFile section */
		76B89EB82755F3FE00B2A4D6 /* AppDelegate.swift in Sources */ = {isa = PBXBuildFile; fileRef = 76B89EB72755F3FE00B2A4D6 /* AppDelegate.swift */; };
		76B89EBA2755F3FE00B2A4D6 /* SceneDelegate.swift in Sources */ = {isa = PBXBuildFile; fileRef = 76B89EB92755F3FE00B2A4D6 /* SceneDelegate.swift */; };
		76B89EBC2755F3FE00B2A4D6 /* AllTransectionVC.swift in Sources */ = {isa = PBXBuildFile; fileRef = 76B89EBB2755F3FE00B2A4D6 /* AllTransectionVC.swift */; };
		76B89EBF2755F3FE00B2A4D6 /* Main.storyboard in Resources */ = {isa = PBXBuildFile; fileRef = 76B89EBD2755F3FE00B2A4D6 /* Main.storyboard */; };
		76B89EC22755F3FE00B2A4D6 /* SpitAppDemo.xcdatamodeld in Sources */ = {isa = PBXBuildFile; fileRef = 76B89EC02755F3FE00B2A4D6 /* SpitAppDemo.xcdatamodeld */; };
		76B89EC42755F3FF00B2A4D6 /* Assets.xcassets in Resources */ = {isa = PBXBuildFile; fileRef = 76B89EC32755F3FF00B2A4D6 /* Assets.xcassets */; };
		76B89EC72755F3FF00B2A4D6 /* LaunchScreen.storyboard in Resources */ = {isa = PBXBuildFile; fileRef = 76B89EC52755F3FF00B2A4D6 /* LaunchScreen.storyboard */; };
		76B89ED22755F3FF00B2A4D6 /* SpitAppDemoTests.swift in Sources */ = {isa = PBXBuildFile; fileRef = 76B89ED12755F3FF00B2A4D6 /* SpitAppDemoTests.swift */; };
		76B89EDC2755F3FF00B2A4D6 /* SpitAppDemoUITests.swift in Sources */ = {isa = PBXBuildFile; fileRef = 76B89EDB2755F3FF00B2A4D6 /* SpitAppDemoUITests.swift */; };
		76B89EDE2755F3FF00B2A4D6 /* SpitAppDemoUITestsLaunchTests.swift in Sources */ = {isa = PBXBuildFile; fileRef = 76B89EDD2755F3FF00B2A4D6 /* SpitAppDemoUITestsLaunchTests.swift */; };
		76B89EED2755F51800B2A4D6 /* AllTransectionViewModel.swift in Sources */ = {isa = PBXBuildFile; fileRef = 76B89EEC2755F51800B2A4D6 /* AllTransectionViewModel.swift */; };
		76B89EF12755F57700B2A4D6 /* AddTransactionVC.swift in Sources */ = {isa = PBXBuildFile; fileRef = 76B89EF02755F57700B2A4D6 /* AddTransactionVC.swift */; };
		76B89EF32755F59500B2A4D6 /* AddTransactionViewModel.swift in Sources */ = {isa = PBXBuildFile; fileRef = 76B89EF22755F59500B2A4D6 /* AddTransactionViewModel.swift */; };
		76B89EF52755F87C00B2A4D6 /* UserTransection.swift in Sources */ = {isa = PBXBuildFile; fileRef = 76B89EF42755F87C00B2A4D6 /* UserTransection.swift */; };
		76B89EFA2755F8FE00B2A4D6 /* UserTransectionModel.swift in Sources */ = {isa = PBXBuildFile; fileRef = 76B89EF92755F8FE00B2A4D6 /* UserTransectionModel.swift */; };
		76B89EFC2755F95D00B2A4D6 /* AllTransectionVM.swift in Sources */ = {isa = PBXBuildFile; fileRef = 76B89EFB2755F95D00B2A4D6 /* AllTransectionVM.swift */; };
		76B89EFE2755F9A700B2A4D6 /* SlipTransectionManager.swift in Sources */ = {isa = PBXBuildFile; fileRef = 76B89EFD2755F9A700B2A4D6 /* SlipTransectionManager.swift */; };
		76B89F002755FF9B00B2A4D6 /* AddTransectionVM.swift in Sources */ = {isa = PBXBuildFile; fileRef = 76B89EFF2755FF9B00B2A4D6 /* AddTransectionVM.swift */; };
		76B89F032756016400B2A4D6 /* AddTransectionCell.swift in Sources */ = {isa = PBXBuildFile; fileRef = 76B89F012756016400B2A4D6 /* AddTransectionCell.swift */; };
		76B89F042756016400B2A4D6 /* AddTransectionCell.xib in Resources */ = {isa = PBXBuildFile; fileRef = 76B89F022756016400B2A4D6 /* AddTransectionCell.xib */; };
		76B89F0727560B4800B2A4D6 /* AllTranseCell.swift in Sources */ = {isa = PBXBuildFile; fileRef = 76B89F0627560B4800B2A4D6 /* AllTranseCell.swift */; };
		76B89F0927562EF900B2A4D6 /* UpdateTransectionViewProtocol.swift in Sources */ = {isa = PBXBuildFile; fileRef = 76B89F0827562EF900B2A4D6 /* UpdateTransectionViewProtocol.swift */; };
		76B89F0D275636E100B2A4D6 /* HistoryVC.swift in Sources */ = {isa = PBXBuildFile; fileRef = 76B89F0C275636E100B2A4D6 /* HistoryVC.swift */; };
		76B89F0F2756378C00B2A4D6 /* HistoryVM.swift in Sources */ = {isa = PBXBuildFile; fileRef = 76B89F0E2756378C00B2A4D6 /* HistoryVM.swift */; };
		76B89F11275637F200B2A4D6 /* HistoryViewModel.swift in Sources */ = {isa = PBXBuildFile; fileRef = 76B89F10275637F200B2A4D6 /* HistoryViewModel.swift */; };
		76B89F142756550500B2A4D6 /* SlipTransectionManagerProtocol.swift in Sources */ = {isa = PBXBuildFile; fileRef = 76B89F132756550500B2A4D6 /* SlipTransectionManagerProtocol.swift */; };
		76B89F172756554300B2A4D6 /* EntryModel.swift in Sources */ = {isa = PBXBuildFile; fileRef = 76B89F162756554300B2A4D6 /* EntryModel.swift */; };
/* End PBXBuildFile section */

/* Begin PBXContainerItemProxy section */
		76B89ECE2755F3FF00B2A4D6 /* PBXContainerItemProxy */ = {
			isa = PBXContainerItemProxy;
			containerPortal = 76B89EAC2755F3FE00B2A4D6 /* Project object */;
			proxyType = 1;
			remoteGlobalIDString = 76B89EB32755F3FE00B2A4D6;
			remoteInfo = SpitAppDemo;
		};
		76B89ED82755F3FF00B2A4D6 /* PBXContainerItemProxy */ = {
			isa = PBXContainerItemProxy;
			containerPortal = 76B89EAC2755F3FE00B2A4D6 /* Project object */;
			proxyType = 1;
			remoteGlobalIDString = 76B89EB32755F3FE00B2A4D6;
			remoteInfo = SpitAppDemo;
		};
/* End PBXContainerItemProxy section */

/* Begin PBXFileReference section */
		76B89EB42755F3FE00B2A4D6 /* SpitAppDemo.app */ = {isa = PBXFileReference; explicitFileType = wrapper.application; includeInIndex = 0; path = SpitAppDemo.app; sourceTree = BUILT_PRODUCTS_DIR; };
		76B89EB72755F3FE00B2A4D6 /* AppDelegate.swift */ = {isa = PBXFileReference; lastKnownFileType = sourcecode.swift; path = AppDelegate.swift; sourceTree = "<group>"; };
		76B89EB92755F3FE00B2A4D6 /* SceneDelegate.swift */ = {isa = PBXFileReference; lastKnownFileType = sourcecode.swift; path = SceneDelegate.swift; sourceTree = "<group>"; };
		76B89EBB2755F3FE00B2A4D6 /* AllTransectionVC.swift */ = {isa = PBXFileReference; lastKnownFileType = sourcecode.swift; path = AllTransectionVC.swift; sourceTree = "<group>"; };
		76B89EBE2755F3FE00B2A4D6 /* Base */ = {isa = PBXFileReference; lastKnownFileType = file.storyboard; name = Base; path = Base.lproj/Main.storyboard; sourceTree = "<group>"; };
		76B89EC12755F3FE00B2A4D6 /* SpitAppDemo.xcdatamodel */ = {isa = PBXFileReference; lastKnownFileType = wrapper.xcdatamodel; path = SpitAppDemo.xcdatamodel; sourceTree = "<group>"; };
		76B89EC32755F3FF00B2A4D6 /* Assets.xcassets */ = {isa = PBXFileReference; lastKnownFileType = folder.assetcatalog; path = Assets.xcassets; sourceTree = "<group>"; };
		76B89EC62755F3FF00B2A4D6 /* Base */ = {isa = PBXFileReference; lastKnownFileType = file.storyboard; name = Base; path = Base.lproj/LaunchScreen.storyboard; sourceTree = "<group>"; };
		76B89EC82755F3FF00B2A4D6 /* Info.plist */ = {isa = PBXFileReference; lastKnownFileType = text.plist.xml; path = Info.plist; sourceTree = "<group>"; };
		76B89ECD2755F3FF00B2A4D6 /* SpitAppDemoTests.xctest */ = {isa = PBXFileReference; explicitFileType = wrapper.cfbundle; includeInIndex = 0; path = SpitAppDemoTests.xctest; sourceTree = BUILT_PRODUCTS_DIR; };
		76B89ED12755F3FF00B2A4D6 /* SpitAppDemoTests.swift */ = {isa = PBXFileReference; lastKnownFileType = sourcecode.swift; path = SpitAppDemoTests.swift; sourceTree = "<group>"; };
		76B89ED72755F3FF00B2A4D6 /* SpitAppDemoUITests.xctest */ = {isa = PBXFileReference; explicitFileType = wrapper.cfbundle; includeInIndex = 0; path = SpitAppDemoUITests.xctest; sourceTree = BUILT_PRODUCTS_DIR; };
		76B89EDB2755F3FF00B2A4D6 /* SpitAppDemoUITests.swift */ = {isa = PBXFileReference; lastKnownFileType = sourcecode.swift; path = SpitAppDemoUITests.swift; sourceTree = "<group>"; };
		76B89EDD2755F3FF00B2A4D6 /* SpitAppDemoUITestsLaunchTests.swift */ = {isa = PBXFileReference; lastKnownFileType = sourcecode.swift; path = SpitAppDemoUITestsLaunchTests.swift; sourceTree = "<group>"; };
		76B89EEC2755F51800B2A4D6 /* AllTransectionViewModel.swift */ = {isa = PBXFileReference; lastKnownFileType = sourcecode.swift; path = AllTransectionViewModel.swift; sourceTree = "<group>"; };
		76B89EF02755F57700B2A4D6 /* AddTransactionVC.swift */ = {isa = PBXFileReference; lastKnownFileType = sourcecode.swift; path = AddTransactionVC.swift; sourceTree = "<group>"; };
		76B89EF22755F59500B2A4D6 /* AddTransactionViewModel.swift */ = {isa = PBXFileReference; lastKnownFileType = sourcecode.swift; path = AddTransactionViewModel.swift; sourceTree = "<group>"; };
		76B89EF42755F87C00B2A4D6 /* UserTransection.swift */ = {isa = PBXFileReference; lastKnownFileType = sourcecode.swift; path = UserTransection.swift; sourceTree = "<group>"; };
		76B89EF92755F8FE00B2A4D6 /* UserTransectionModel.swift */ = {isa = PBXFileReference; lastKnownFileType = sourcecode.swift; path = UserTransectionModel.swift; sourceTree = "<group>"; };
		76B89EFB2755F95D00B2A4D6 /* AllTransectionVM.swift */ = {isa = PBXFileReference; lastKnownFileType = sourcecode.swift; path = AllTransectionVM.swift; sourceTree = "<group>"; };
		76B89EFD2755F9A700B2A4D6 /* SlipTransectionManager.swift */ = {isa = PBXFileReference; lastKnownFileType = sourcecode.swift; path = SlipTransectionManager.swift; sourceTree = "<group>"; };
		76B89EFF2755FF9B00B2A4D6 /* AddTransectionVM.swift */ = {isa = PBXFileReference; lastKnownFileType = sourcecode.swift; path = AddTransectionVM.swift; sourceTree = "<group>"; };
		76B89F012756016400B2A4D6 /* AddTransectionCell.swift */ = {isa = PBXFileReference; lastKnownFileType = sourcecode.swift; path = AddTransectionCell.swift; sourceTree = "<group>"; };
		76B89F022756016400B2A4D6 /* AddTransectionCell.xib */ = {isa = PBXFileReference; lastKnownFileType = file.xib; path = AddTransectionCell.xib; sourceTree = "<group>"; };
		76B89F0627560B4800B2A4D6 /* AllTranseCell.swift */ = {isa = PBXFileReference; lastKnownFileType = sourcecode.swift; path = AllTranseCell.swift; sourceTree = "<group>"; };
		76B89F0827562EF900B2A4D6 /* UpdateTransectionViewProtocol.swift */ = {isa = PBXFileReference; lastKnownFileType = sourcecode.swift; path = UpdateTransectionViewProtocol.swift; sourceTree = "<group>"; };
		76B89F0C275636E100B2A4D6 /* HistoryVC.swift */ = {isa = PBXFileReference; lastKnownFileType = sourcecode.swift; path = HistoryVC.swift; sourceTree = "<group>"; };
		76B89F0E2756378C00B2A4D6 /* HistoryVM.swift */ = {isa = PBXFileReference; lastKnownFileType = sourcecode.swift; path = HistoryVM.swift; sourceTree = "<group>"; };
		76B89F10275637F200B2A4D6 /* HistoryViewModel.swift */ = {isa = PBXFileReference; lastKnownFileType = sourcecode.swift; path = HistoryViewModel.swift; sourceTree = "<group>"; };
		76B89F132756550500B2A4D6 /* SlipTransectionManagerProtocol.swift */ = {isa = PBXFileReference; lastKnownFileType = sourcecode.swift; path = SlipTransectionManagerProtocol.swift; sourceTree = "<group>"; };
		76B89F162756554300B2A4D6 /* EntryModel.swift */ = {isa = PBXFileReference; lastKnownFileType = sourcecode.swift; path = EntryModel.swift; sourceTree = "<group>"; };
/* End PBXFileReference section */

/* Begin PBXFrameworksBuildPhase section */
		76B89EB12755F3FE00B2A4D6 /* Frameworks */ = {
			isa = PBXFrameworksBuildPhase;
			buildActionMask = 2147483647;
			files = (
			);
			runOnlyForDeploymentPostprocessing = 0;
		};
		76B89ECA2755F3FF00B2A4D6 /* Frameworks */ = {
			isa = PBXFrameworksBuildPhase;
			buildActionMask = 2147483647;
			files = (
			);
			runOnlyForDeploymentPostprocessing = 0;
		};
		76B89ED42755F3FF00B2A4D6 /* Frameworks */ = {
			isa = PBXFrameworksBuildPhase;
			buildActionMask = 2147483647;
			files = (
			);
			runOnlyForDeploymentPostprocessing = 0;
		};
/* End PBXFrameworksBuildPhase section */

/* Begin PBXGroup section */
		76B89EAB2755F3FE00B2A4D6 = {
			isa = PBXGroup;
			children = (
				76B89EB62755F3FE00B2A4D6 /* SpitAppDemo */,
				76B89ED02755F3FF00B2A4D6 /* SpitAppDemoTests */,
				76B89EDA2755F3FF00B2A4D6 /* SpitAppDemoUITests */,
				76B89EB52755F3FE00B2A4D6 /* Products */,
			);
			sourceTree = "<group>";
		};
		76B89EB52755F3FE00B2A4D6 /* Products */ = {
			isa = PBXGroup;
			children = (
				76B89EB42755F3FE00B2A4D6 /* SpitAppDemo.app */,
				76B89ECD2755F3FF00B2A4D6 /* SpitAppDemoTests.xctest */,
				76B89ED72755F3FF00B2A4D6 /* SpitAppDemoUITests.xctest */,
			);
			name = Products;
			sourceTree = "<group>";
		};
		76B89EB62755F3FE00B2A4D6 /* SpitAppDemo */ = {
			isa = PBXGroup;
			children = (
				76B89EEB2755F4C300B2A4D6 /* AppSettings */,
				76B89EEA2755F4BA00B2A4D6 /* Feature */,
				76B89EBD2755F3FE00B2A4D6 /* Main.storyboard */,
				76B89EC32755F3FF00B2A4D6 /* Assets.xcassets */,
				76B89EC52755F3FF00B2A4D6 /* LaunchScreen.storyboard */,
				76B89EC82755F3FF00B2A4D6 /* Info.plist */,
				76B89EC02755F3FE00B2A4D6 /* SpitAppDemo.xcdatamodeld */,
			);
			path = SpitAppDemo;
			sourceTree = "<group>";
		};
		76B89ED02755F3FF00B2A4D6 /* SpitAppDemoTests */ = {
			isa = PBXGroup;
			children = (
				76B89ED12755F3FF00B2A4D6 /* SpitAppDemoTests.swift */,
			);
			path = SpitAppDemoTests;
			sourceTree = "<group>";
		};
		76B89EDA2755F3FF00B2A4D6 /* SpitAppDemoUITests */ = {
			isa = PBXGroup;
			children = (
				76B89EDB2755F3FF00B2A4D6 /* SpitAppDemoUITests.swift */,
				76B89EDD2755F3FF00B2A4D6 /* SpitAppDemoUITestsLaunchTests.swift */,
			);
			path = SpitAppDemoUITests;
			sourceTree = "<group>";
		};
		76B89EEA2755F4BA00B2A4D6 /* Feature */ = {
			isa = PBXGroup;
			children = (
				76B89EF72755F8B100B2A4D6 /* Transection */,
			);
			path = Feature;
			sourceTree = "<group>";
		};
		76B89EEB2755F4C300B2A4D6 /* AppSettings */ = {
			isa = PBXGroup;
			children = (
				76B89EB72755F3FE00B2A4D6 /* AppDelegate.swift */,
				76B89EB92755F3FE00B2A4D6 /* SceneDelegate.swift */,
			);
			path = AppSettings;
			sourceTree = "<group>";
		};
		76B89EEE2755F53D00B2A4D6 /* AllTransection */ = {
			isa = PBXGroup;
			children = (
				76B89F0A2756362B00B2A4D6 /* Views */,
				76B89EFB2755F95D00B2A4D6 /* AllTransectionVM.swift */,
			);
			path = AllTransection;
			sourceTree = "<group>";
		};
		76B89EEF2755F54F00B2A4D6 /* AddTransection */ = {
			isa = PBXGroup;
			children = (
				76B89F052756016C00B2A4D6 /* Views */,
				76B89EFF2755FF9B00B2A4D6 /* AddTransectionVM.swift */,
			);
			path = AddTransection;
			sourceTree = "<group>";
		};
		76B89EF62755F88800B2A4D6 /* CommonModels */ = {
			isa = PBXGroup;
			children = (
				76B89EF42755F87C00B2A4D6 /* UserTransection.swift */,
			);
			path = CommonModels;
			sourceTree = "<group>";
		};
		76B89EF72755F8B100B2A4D6 /* Transection */ = {
			isa = PBXGroup;
			children = (
				76B89F0B2756366500B2A4D6 /* History */,
				76B89EF82755F8C500B2A4D6 /* Protocols */,
				76B89EEF2755F54F00B2A4D6 /* AddTransection */,
				76B89EEE2755F53D00B2A4D6 /* AllTransection */,
				76B89EF62755F88800B2A4D6 /* CommonModels */,
				76B89F12275654D700B2A4D6 /* SlipTransectionController */,
			);
			path = Transection;
			sourceTree = "<group>";
		};
		76B89EF82755F8C500B2A4D6 /* Protocols */ = {
			isa = PBXGroup;
			children = (
				76B89EF92755F8FE00B2A4D6 /* UserTransectionModel.swift */,
				76B89EEC2755F51800B2A4D6 /* AllTransectionViewModel.swift */,
				76B89EF22755F59500B2A4D6 /* AddTransactionViewModel.swift */,
				76B89F0827562EF900B2A4D6 /* UpdateTransectionViewProtocol.swift */,
				76B89F10275637F200B2A4D6 /* HistoryViewModel.swift */,
			);
			path = Protocols;
			sourceTree = "<group>";
		};
		76B89F052756016C00B2A4D6 /* Views */ = {
			isa = PBXGroup;
			children = (
				76B89EF02755F57700B2A4D6 /* AddTransactionVC.swift */,
				76B89F012756016400B2A4D6 /* AddTransectionCell.swift */,
				76B89F022756016400B2A4D6 /* AddTransectionCell.xib */,
			);
			path = Views;
			sourceTree = "<group>";
		};
		76B89F0A2756362B00B2A4D6 /* Views */ = {
			isa = PBXGroup;
			children = (
				76B89EBB2755F3FE00B2A4D6 /* AllTransectionVC.swift */,
				76B89F0627560B4800B2A4D6 /* AllTranseCell.swift */,
			);
			path = Views;
			sourceTree = "<group>";
		};
		76B89F0B2756366500B2A4D6 /* History */ = {
			isa = PBXGroup;
			children = (
				76B89F0C275636E100B2A4D6 /* HistoryVC.swift */,
				76B89F0E2756378C00B2A4D6 /* HistoryVM.swift */,
			);
			path = History;
			sourceTree = "<group>";
		};
		76B89F12275654D700B2A4D6 /* SlipTransectionController */ = {
			isa = PBXGroup;
			children = (
				76B89F152756552200B2A4D6 /* Model */,
				76B89EFD2755F9A700B2A4D6 /* SlipTransectionManager.swift */,
				76B89F132756550500B2A4D6 /* SlipTransectionManagerProtocol.swift */,
			);
			path = SlipTransectionController;
			sourceTree = "<group>";
		};
		76B89F152756552200B2A4D6 /* Model */ = {
			isa = PBXGroup;
			children = (
				76B89F162756554300B2A4D6 /* EntryModel.swift */,
			);
			path = Model;
			sourceTree = "<group>";
		};
/* End PBXGroup section */

/* Begin PBXNativeTarget section */
		76B89EB32755F3FE00B2A4D6 /* SpitAppDemo */ = {
			isa = PBXNativeTarget;
			buildConfigurationList = 76B89EE12755F3FF00B2A4D6 /* Build configuration list for PBXNativeTarget "SpitAppDemo" */;
			buildPhases = (
				76B89EB02755F3FE00B2A4D6 /* Sources */,
				76B89EB12755F3FE00B2A4D6 /* Frameworks */,
				76B89EB22755F3FE00B2A4D6 /* Resources */,
			);
			buildRules = (
			);
			dependencies = (
			);
			name = SpitAppDemo;
			productName = SpitAppDemo;
			productReference = 76B89EB42755F3FE00B2A4D6 /* SpitAppDemo.app */;
			productType = "com.apple.product-type.application";
		};
		76B89ECC2755F3FF00B2A4D6 /* SpitAppDemoTests */ = {
			isa = PBXNativeTarget;
			buildConfigurationList = 76B89EE42755F3FF00B2A4D6 /* Build configuration list for PBXNativeTarget "SpitAppDemoTests" */;
			buildPhases = (
				76B89EC92755F3FF00B2A4D6 /* Sources */,
				76B89ECA2755F3FF00B2A4D6 /* Frameworks */,
				76B89ECB2755F3FF00B2A4D6 /* Resources */,
			);
			buildRules = (
			);
			dependencies = (
				76B89ECF2755F3FF00B2A4D6 /* PBXTargetDependency */,
			);
			name = SpitAppDemoTests;
			productName = SpitAppDemoTests;
			productReference = 76B89ECD2755F3FF00B2A4D6 /* SpitAppDemoTests.xctest */;
			productType = "com.apple.product-type.bundle.unit-test";
		};
		76B89ED62755F3FF00B2A4D6 /* SpitAppDemoUITests */ = {
			isa = PBXNativeTarget;
			buildConfigurationList = 76B89EE72755F3FF00B2A4D6 /* Build configuration list for PBXNativeTarget "SpitAppDemoUITests" */;
			buildPhases = (
				76B89ED32755F3FF00B2A4D6 /* Sources */,
				76B89ED42755F3FF00B2A4D6 /* Frameworks */,
				76B89ED52755F3FF00B2A4D6 /* Resources */,
			);
			buildRules = (
			);
			dependencies = (
				76B89ED92755F3FF00B2A4D6 /* PBXTargetDependency */,
			);
			name = SpitAppDemoUITests;
			productName = SpitAppDemoUITests;
			productReference = 76B89ED72755F3FF00B2A4D6 /* SpitAppDemoUITests.xctest */;
			productType = "com.apple.product-type.bundle.ui-testing";
		};
/* End PBXNativeTarget section */

/* Begin PBXProject section */
		76B89EAC2755F3FE00B2A4D6 /* Project object */ = {
			isa = PBXProject;
			attributes = {
				BuildIndependentTargetsInParallel = 1;
				LastSwiftUpdateCheck = 1300;
				LastUpgradeCheck = 1300;
				TargetAttributes = {
					76B89EB32755F3FE00B2A4D6 = {
						CreatedOnToolsVersion = 13.0;
					};
					76B89ECC2755F3FF00B2A4D6 = {
						CreatedOnToolsVersion = 13.0;
						TestTargetID = 76B89EB32755F3FE00B2A4D6;
					};
					76B89ED62755F3FF00B2A4D6 = {
						CreatedOnToolsVersion = 13.0;
						TestTargetID = 76B89EB32755F3FE00B2A4D6;
					};
				};
			};
			buildConfigurationList = 76B89EAF2755F3FE00B2A4D6 /* Build configuration list for PBXProject "SpitAppDemo" */;
			compatibilityVersion = "Xcode 13.0";
			developmentRegion = en;
			hasScannedForEncodings = 0;
			knownRegions = (
				en,
				Base,
			);
			mainGroup = 76B89EAB2755F3FE00B2A4D6;
			productRefGroup = 76B89EB52755F3FE00B2A4D6 /* Products */;
			projectDirPath = "";
			projectRoot = "";
			targets = (
				76B89EB32755F3FE00B2A4D6 /* SpitAppDemo */,
				76B89ECC2755F3FF00B2A4D6 /* SpitAppDemoTests */,
				76B89ED62755F3FF00B2A4D6 /* SpitAppDemoUITests */,
			);
		};
/* End PBXProject section */

/* Begin PBXResourcesBuildPhase section */
		76B89EB22755F3FE00B2A4D6 /* Resources */ = {
			isa = PBXResourcesBuildPhase;
			buildActionMask = 2147483647;
			files = (
				76B89EC72755F3FF00B2A4D6 /* LaunchScreen.storyboard in Resources */,
				76B89EC42755F3FF00B2A4D6 /* Assets.xcassets in Resources */,
				76B89F042756016400B2A4D6 /* AddTransectionCell.xib in Resources */,
				76B89EBF2755F3FE00B2A4D6 /* Main.storyboard in Resources */,
			);
			runOnlyForDeploymentPostprocessing = 0;
		};
		76B89ECB2755F3FF00B2A4D6 /* Resources */ = {
			isa = PBXResourcesBuildPhase;
			buildActionMask = 2147483647;
			files = (
			);
			runOnlyForDeploymentPostprocessing = 0;
		};
		76B89ED52755F3FF00B2A4D6 /* Resources */ = {
			isa = PBXResourcesBuildPhase;
			buildActionMask = 2147483647;
			files = (
			);
			runOnlyForDeploymentPostprocessing = 0;
		};
/* End PBXResourcesBuildPhase section */

/* Begin PBXSourcesBuildPhase section */
		76B89EB02755F3FE00B2A4D6 /* Sources */ = {
			isa = PBXSourcesBuildPhase;
			buildActionMask = 2147483647;
			files = (
				76B89EBC2755F3FE00B2A4D6 /* AllTransectionVC.swift in Sources */,
				76B89F11275637F200B2A4D6 /* HistoryViewModel.swift in Sources */,
				76B89EF52755F87C00B2A4D6 /* UserTransection.swift in Sources */,
				76B89F0727560B4800B2A4D6 /* AllTranseCell.swift in Sources */,
				76B89EED2755F51800B2A4D6 /* AllTransectionViewModel.swift in Sources */,
				76B89F002755FF9B00B2A4D6 /* AddTransectionVM.swift in Sources */,
				76B89F0D275636E100B2A4D6 /* HistoryVC.swift in Sources */,
				76B89EFA2755F8FE00B2A4D6 /* UserTransectionModel.swift in Sources */,
				76B89F032756016400B2A4D6 /* AddTransectionCell.swift in Sources */,
				76B89EF32755F59500B2A4D6 /* AddTransactionViewModel.swift in Sources */,
				76B89EFC2755F95D00B2A4D6 /* AllTransectionVM.swift in Sources */,
				76B89EB82755F3FE00B2A4D6 /* AppDelegate.swift in Sources */,
				76B89EF12755F57700B2A4D6 /* AddTransactionVC.swift in Sources */,
				76B89F0F2756378C00B2A4D6 /* HistoryVM.swift in Sources */,
				76B89F172756554300B2A4D6 /* EntryModel.swift in Sources */,
				76B89EC22755F3FE00B2A4D6 /* SpitAppDemo.xcdatamodeld in Sources */,
				76B89F0927562EF900B2A4D6 /* UpdateTransectionViewProtocol.swift in Sources */,
				76B89F142756550500B2A4D6 /* SlipTransectionManagerProtocol.swift in Sources */,
				76B89EBA2755F3FE00B2A4D6 /* SceneDelegate.swift in Sources */,
				76B89EFE2755F9A700B2A4D6 /* SlipTransectionManager.swift in Sources */,
			);
			runOnlyForDeploymentPostprocessing = 0;
		};
		76B89EC92755F3FF00B2A4D6 /* Sources */ = {
			isa = PBXSourcesBuildPhase;
			buildActionMask = 2147483647;
			files = (
				76B89ED22755F3FF00B2A4D6 /* SpitAppDemoTests.swift in Sources */,
			);
			runOnlyForDeploymentPostprocessing = 0;
		};
		76B89ED32755F3FF00B2A4D6 /* Sources */ = {
			isa = PBXSourcesBuildPhase;
			buildActionMask = 2147483647;
			files = (
				76B89EDC2755F3FF00B2A4D6 /* SpitAppDemoUITests.swift in Sources */,
				76B89EDE2755F3FF00B2A4D6 /* SpitAppDemoUITestsLaunchTests.swift in Sources */,
			);
			runOnlyForDeploymentPostprocessing = 0;
		};
/* End PBXSourcesBuildPhase section */

/* Begin PBXTargetDependency section */
		76B89ECF2755F3FF00B2A4D6 /* PBXTargetDependency */ = {
			isa = PBXTargetDependency;
			target = 76B89EB32755F3FE00B2A4D6 /* SpitAppDemo */;
			targetProxy = 76B89ECE2755F3FF00B2A4D6 /* PBXContainerItemProxy */;
		};
		76B89ED92755F3FF00B2A4D6 /* PBXTargetDependency */ = {
			isa = PBXTargetDependency;
			target = 76B89EB32755F3FE00B2A4D6 /* SpitAppDemo */;
			targetProxy = 76B89ED82755F3FF00B2A4D6 /* PBXContainerItemProxy */;
		};
/* End PBXTargetDependency section */

/* Begin PBXVariantGroup section */
		76B89EBD2755F3FE00B2A4D6 /* Main.storyboard */ = {
			isa = PBXVariantGroup;
			children = (
				76B89EBE2755F3FE00B2A4D6 /* Base */,
			);
			name = Main.storyboard;
			sourceTree = "<group>";
		};
		76B89EC52755F3FF00B2A4D6 /* LaunchScreen.storyboard */ = {
			isa = PBXVariantGroup;
			children = (
				76B89EC62755F3FF00B2A4D6 /* Base */,
			);
			name = LaunchScreen.storyboard;
			sourceTree = "<group>";
		};
/* End PBXVariantGroup section */

/* Begin XCBuildConfiguration section */
		76B89EDF2755F3FF00B2A4D6 /* Debug */ = {
			isa = XCBuildConfiguration;
			buildSettings = {
				ALWAYS_SEARCH_USER_PATHS = NO;
				CLANG_ANALYZER_NONNULL = YES;
				CLANG_ANALYZER_NUMBER_OBJECT_CONVERSION = YES_AGGRESSIVE;
				CLANG_CXX_LANGUAGE_STANDARD = "gnu++17";
				CLANG_CXX_LIBRARY = "libc++";
				CLANG_ENABLE_MODULES = YES;
				CLANG_ENABLE_OBJC_ARC = YES;
				CLANG_ENABLE_OBJC_WEAK = YES;
				CLANG_WARN_BLOCK_CAPTURE_AUTORELEASING = YES;
				CLANG_WARN_BOOL_CONVERSION = YES;
				CLANG_WARN_COMMA = YES;
				CLANG_WARN_CONSTANT_CONVERSION = YES;
				CLANG_WARN_DEPRECATED_OBJC_IMPLEMENTATIONS = YES;
				CLANG_WARN_DIRECT_OBJC_ISA_USAGE = YES_ERROR;
				CLANG_WARN_DOCUMENTATION_COMMENTS = YES;
				CLANG_WARN_EMPTY_BODY = YES;
				CLANG_WARN_ENUM_CONVERSION = YES;
				CLANG_WARN_INFINITE_RECURSION = YES;
				CLANG_WARN_INT_CONVERSION = YES;
				CLANG_WARN_NON_LITERAL_NULL_CONVERSION = YES;
				CLANG_WARN_OBJC_IMPLICIT_RETAIN_SELF = YES;
				CLANG_WARN_OBJC_LITERAL_CONVERSION = YES;
				CLANG_WARN_OBJC_ROOT_CLASS = YES_ERROR;
				CLANG_WARN_QUOTED_INCLUDE_IN_FRAMEWORK_HEADER = YES;
				CLANG_WARN_RANGE_LOOP_ANALYSIS = YES;
				CLANG_WARN_STRICT_PROTOTYPES = YES;
				CLANG_WARN_SUSPICIOUS_MOVE = YES;
				CLANG_WARN_UNGUARDED_AVAILABILITY = YES_AGGRESSIVE;
				CLANG_WARN_UNREACHABLE_CODE = YES;
				CLANG_WARN__DUPLICATE_METHOD_MATCH = YES;
				COPY_PHASE_STRIP = NO;
				DEBUG_INFORMATION_FORMAT = dwarf;
				ENABLE_STRICT_OBJC_MSGSEND = YES;
				ENABLE_TESTABILITY = YES;
				GCC_C_LANGUAGE_STANDARD = gnu11;
				GCC_DYNAMIC_NO_PIC = NO;
				GCC_NO_COMMON_BLOCKS = YES;
				GCC_OPTIMIZATION_LEVEL = 0;
				GCC_PREPROCESSOR_DEFINITIONS = (
					"DEBUG=1",
					"$(inherited)",
				);
				GCC_WARN_64_TO_32_BIT_CONVERSION = YES;
				GCC_WARN_ABOUT_RETURN_TYPE = YES_ERROR;
				GCC_WARN_UNDECLARED_SELECTOR = YES;
				GCC_WARN_UNINITIALIZED_AUTOS = YES_AGGRESSIVE;
				GCC_WARN_UNUSED_FUNCTION = YES;
				GCC_WARN_UNUSED_VARIABLE = YES;
				IPHONEOS_DEPLOYMENT_TARGET = 15.0;
				MTL_ENABLE_DEBUG_INFO = INCLUDE_SOURCE;
				MTL_FAST_MATH = YES;
				ONLY_ACTIVE_ARCH = YES;
				SDKROOT = iphoneos;
				SWIFT_ACTIVE_COMPILATION_CONDITIONS = DEBUG;
				SWIFT_OPTIMIZATION_LEVEL = "-Onone";
			};
			name = Debug;
		};
		76B89EE02755F3FF00B2A4D6 /* Release */ = {
			isa = XCBuildConfiguration;
			buildSettings = {
				ALWAYS_SEARCH_USER_PATHS = NO;
				CLANG_ANALYZER_NONNULL = YES;
				CLANG_ANALYZER_NUMBER_OBJECT_CONVERSION = YES_AGGRESSIVE;
				CLANG_CXX_LANGUAGE_STANDARD = "gnu++17";
				CLANG_CXX_LIBRARY = "libc++";
				CLANG_ENABLE_MODULES = YES;
				CLANG_ENABLE_OBJC_ARC = YES;
				CLANG_ENABLE_OBJC_WEAK = YES;
				CLANG_WARN_BLOCK_CAPTURE_AUTORELEASING = YES;
				CLANG_WARN_BOOL_CONVERSION = YES;
				CLANG_WARN_COMMA = YES;
				CLANG_WARN_CONSTANT_CONVERSION = YES;
				CLANG_WARN_DEPRECATED_OBJC_IMPLEMENTATIONS = YES;
				CLANG_WARN_DIRECT_OBJC_ISA_USAGE = YES_ERROR;
				CLANG_WARN_DOCUMENTATION_COMMENTS = YES;
				CLANG_WARN_EMPTY_BODY = YES;
				CLANG_WARN_ENUM_CONVERSION = YES;
				CLANG_WARN_INFINITE_RECURSION = YES;
				CLANG_WARN_INT_CONVERSION = YES;
				CLANG_WARN_NON_LITERAL_NULL_CONVERSION = YES;
				CLANG_WARN_OBJC_IMPLICIT_RETAIN_SELF = YES;
				CLANG_WARN_OBJC_LITERAL_CONVERSION = YES;
				CLANG_WARN_OBJC_ROOT_CLASS = YES_ERROR;
				CLANG_WARN_QUOTED_INCLUDE_IN_FRAMEWORK_HEADER = YES;
				CLANG_WARN_RANGE_LOOP_ANALYSIS = YES;
				CLANG_WARN_STRICT_PROTOTYPES = YES;
				CLANG_WARN_SUSPICIOUS_MOVE = YES;
				CLANG_WARN_UNGUARDED_AVAILABILITY = YES_AGGRESSIVE;
				CLANG_WARN_UNREACHABLE_CODE = YES;
				CLANG_WARN__DUPLICATE_METHOD_MATCH = YES;
				COPY_PHASE_STRIP = NO;
				DEBUG_INFORMATION_FORMAT = "dwarf-with-dsym";
				ENABLE_NS_ASSERTIONS = NO;
				ENABLE_STRICT_OBJC_MSGSEND = YES;
				GCC_C_LANGUAGE_STANDARD = gnu11;
				GCC_NO_COMMON_BLOCKS = YES;
				GCC_WARN_64_TO_32_BIT_CONVERSION = YES;
				GCC_WARN_ABOUT_RETURN_TYPE = YES_ERROR;
				GCC_WARN_UNDECLARED_SELECTOR = YES;
				GCC_WARN_UNINITIALIZED_AUTOS = YES_AGGRESSIVE;
				GCC_WARN_UNUSED_FUNCTION = YES;
				GCC_WARN_UNUSED_VARIABLE = YES;
				IPHONEOS_DEPLOYMENT_TARGET = 15.0;
				MTL_ENABLE_DEBUG_INFO = NO;
				MTL_FAST_MATH = YES;
				SDKROOT = iphoneos;
				SWIFT_COMPILATION_MODE = wholemodule;
				SWIFT_OPTIMIZATION_LEVEL = "-O";
				VALIDATE_PRODUCT = YES;
			};
			name = Release;
		};
		76B89EE22755F3FF00B2A4D6 /* Debug */ = {
			isa = XCBuildConfiguration;
			buildSettings = {
				ASSETCATALOG_COMPILER_APPICON_NAME = AppIcon;
				ASSETCATALOG_COMPILER_GLOBAL_ACCENT_COLOR_NAME = AccentColor;
				CODE_SIGN_STYLE = Automatic;
				CURRENT_PROJECT_VERSION = 1;
				GENERATE_INFOPLIST_FILE = YES;
				INFOPLIST_FILE = SpitAppDemo/Info.plist;
				INFOPLIST_KEY_UIApplicationSupportsIndirectInputEvents = YES;
				INFOPLIST_KEY_UILaunchStoryboardName = LaunchScreen;
				INFOPLIST_KEY_UIMainStoryboardFile = Main;
				INFOPLIST_KEY_UISupportedInterfaceOrientations_iPad = "UIInterfaceOrientationPortrait UIInterfaceOrientationPortraitUpsideDown UIInterfaceOrientationLandscapeLeft UIInterfaceOrientationLandscapeRight";
				INFOPLIST_KEY_UISupportedInterfaceOrientations_iPhone = "UIInterfaceOrientationPortrait UIInterfaceOrientationLandscapeLeft UIInterfaceOrientationLandscapeRight";
				LD_RUNPATH_SEARCH_PATHS = (
					"$(inherited)",
					"@executable_path/Frameworks",
				);
				MARKETING_VERSION = 1.0;
				PRODUCT_BUNDLE_IDENTIFIER = com.sushobhit.SpitAppDemo;
				PRODUCT_NAME = "$(TARGET_NAME)";
				SWIFT_EMIT_LOC_STRINGS = YES;
				SWIFT_VERSION = 5.0;
				TARGETED_DEVICE_FAMILY = "1,2";
			};
			name = Debug;
		};
		76B89EE32755F3FF00B2A4D6 /* Release */ = {
			isa = XCBuildConfiguration;
			buildSettings = {
				ASSETCATALOG_COMPILER_APPICON_NAME = AppIcon;
				ASSETCATALOG_COMPILER_GLOBAL_ACCENT_COLOR_NAME = AccentColor;
				CODE_SIGN_STYLE = Automatic;
				CURRENT_PROJECT_VERSION = 1;
				GENERATE_INFOPLIST_FILE = YES;
				INFOPLIST_FILE = SpitAppDemo/Info.plist;
				INFOPLIST_KEY_UIApplicationSupportsIndirectInputEvents = YES;
				INFOPLIST_KEY_UILaunchStoryboardName = LaunchScreen;
				INFOPLIST_KEY_UIMainStoryboardFile = Main;
				INFOPLIST_KEY_UISupportedInterfaceOrientations_iPad = "UIInterfaceOrientationPortrait UIInterfaceOrientationPortraitUpsideDown UIInterfaceOrientationLandscapeLeft UIInterfaceOrientationLandscapeRight";
				INFOPLIST_KEY_UISupportedInterfaceOrientations_iPhone = "UIInterfaceOrientationPortrait UIInterfaceOrientationLandscapeLeft UIInterfaceOrientationLandscapeRight";
				LD_RUNPATH_SEARCH_PATHS = (
					"$(inherited)",
					"@executable_path/Frameworks",
				);
				MARKETING_VERSION = 1.0;
				PRODUCT_BUNDLE_IDENTIFIER = com.sushobhit.SpitAppDemo;
				PRODUCT_NAME = "$(TARGET_NAME)";
				SWIFT_EMIT_LOC_STRINGS = YES;
				SWIFT_VERSION = 5.0;
				TARGETED_DEVICE_FAMILY = "1,2";
			};
			name = Release;
		};
		76B89EE52755F3FF00B2A4D6 /* Debug */ = {
			isa = XCBuildConfiguration;
			buildSettings = {
				ALWAYS_EMBED_SWIFT_STANDARD_LIBRARIES = YES;
				BUNDLE_LOADER = "$(TEST_HOST)";
				CODE_SIGN_STYLE = Automatic;
				CURRENT_PROJECT_VERSION = 1;
				GENERATE_INFOPLIST_FILE = YES;
				IPHONEOS_DEPLOYMENT_TARGET = 15.0;
				LD_RUNPATH_SEARCH_PATHS = (
					"$(inherited)",
					"@executable_path/Frameworks",
					"@loader_path/Frameworks",
				);
				MARKETING_VERSION = 1.0;
				PRODUCT_BUNDLE_IDENTIFIER = com.sushobhit.SpitAppDemoTests;
				PRODUCT_NAME = "$(TARGET_NAME)";
				SWIFT_EMIT_LOC_STRINGS = NO;
				SWIFT_VERSION = 5.0;
				TARGETED_DEVICE_FAMILY = "1,2";
				TEST_HOST = "$(BUILT_PRODUCTS_DIR)/SpitAppDemo.app/SpitAppDemo";
			};
			name = Debug;
		};
		76B89EE62755F3FF00B2A4D6 /* Release */ = {
			isa = XCBuildConfiguration;
			buildSettings = {
				ALWAYS_EMBED_SWIFT_STANDARD_LIBRARIES = YES;
				BUNDLE_LOADER = "$(TEST_HOST)";
				CODE_SIGN_STYLE = Automatic;
				CURRENT_PROJECT_VERSION = 1;
				GENERATE_INFOPLIST_FILE = YES;
				IPHONEOS_DEPLOYMENT_TARGET = 15.0;
				LD_RUNPATH_SEARCH_PATHS = (
					"$(inherited)",
					"@executable_path/Frameworks",
					"@loader_path/Frameworks",
				);
				MARKETING_VERSION = 1.0;
				PRODUCT_BUNDLE_IDENTIFIER = com.sushobhit.SpitAppDemoTests;
				PRODUCT_NAME = "$(TARGET_NAME)";
				SWIFT_EMIT_LOC_STRINGS = NO;
				SWIFT_VERSION = 5.0;
				TARGETED_DEVICE_FAMILY = "1,2";
				TEST_HOST = "$(BUILT_PRODUCTS_DIR)/SpitAppDemo.app/SpitAppDemo";
			};
			name = Release;
		};
		76B89EE82755F3FF00B2A4D6 /* Debug */ = {
			isa = XCBuildConfiguration;
			buildSettings = {
				ALWAYS_EMBED_SWIFT_STANDARD_LIBRARIES = YES;
				CODE_SIGN_STYLE = Automatic;
				CURRENT_PROJECT_VERSION = 1;
				GENERATE_INFOPLIST_FILE = YES;
				LD_RUNPATH_SEARCH_PATHS = (
					"$(inherited)",
					"@executable_path/Frameworks",
					"@loader_path/Frameworks",
				);
				MARKETING_VERSION = 1.0;
				PRODUCT_BUNDLE_IDENTIFIER = com.sushobhit.SpitAppDemoUITests;
				PRODUCT_NAME = "$(TARGET_NAME)";
				SWIFT_EMIT_LOC_STRINGS = NO;
				SWIFT_VERSION = 5.0;
				TARGETED_DEVICE_FAMILY = "1,2";
				TEST_TARGET_NAME = SpitAppDemo;
			};
			name = Debug;
		};
		76B89EE92755F3FF00B2A4D6 /* Release */ = {
			isa = XCBuildConfiguration;
			buildSettings = {
				ALWAYS_EMBED_SWIFT_STANDARD_LIBRARIES = YES;
				CODE_SIGN_STYLE = Automatic;
				CURRENT_PROJECT_VERSION = 1;
				GENERATE_INFOPLIST_FILE = YES;
				LD_RUNPATH_SEARCH_PATHS = (
					"$(inherited)",
					"@executable_path/Frameworks",
					"@loader_path/Frameworks",
				);
				MARKETING_VERSION = 1.0;
				PRODUCT_BUNDLE_IDENTIFIER = com.sushobhit.SpitAppDemoUITests;
				PRODUCT_NAME = "$(TARGET_NAME)";
				SWIFT_EMIT_LOC_STRINGS = NO;
				SWIFT_VERSION = 5.0;
				TARGETED_DEVICE_FAMILY = "1,2";
				TEST_TARGET_NAME = SpitAppDemo;
			};
			name = Release;
		};
/* End XCBuildConfiguration section */

/* Begin XCConfigurationList section */
		76B89EAF2755F3FE00B2A4D6 /* Build configuration list for PBXProject "SpitAppDemo" */ = {
			isa = XCConfigurationList;
			buildConfigurations = (
				76B89EDF2755F3FF00B2A4D6 /* Debug */,
				76B89EE02755F3FF00B2A4D6 /* Release */,
			);
			defaultConfigurationIsVisible = 0;
			defaultConfigurationName = Release;
		};
		76B89EE12755F3FF00B2A4D6 /* Build configuration list for PBXNativeTarget "SpitAppDemo" */ = {
			isa = XCConfigurationList;
			buildConfigurations = (
				76B89EE22755F3FF00B2A4D6 /* Debug */,
				76B89EE32755F3FF00B2A4D6 /* Release */,
			);
			defaultConfigurationIsVisible = 0;
			defaultConfigurationName = Release;
		};
		76B89EE42755F3FF00B2A4D6 /* Build configuration list for PBXNativeTarget "SpitAppDemoTests" */ = {
			isa = XCConfigurationList;
			buildConfigurations = (
				76B89EE52755F3FF00B2A4D6 /* Debug */,
				76B89EE62755F3FF00B2A4D6 /* Release */,
			);
			defaultConfigurationIsVisible = 0;
			defaultConfigurationName = Release;
		};
		76B89EE72755F3FF00B2A4D6 /* Build configuration list for PBXNativeTarget "SpitAppDemoUITests" */ = {
			isa = XCConfigurationList;
			buildConfigurations = (
				76B89EE82755F3FF00B2A4D6 /* Debug */,
				76B89EE92755F3FF00B2A4D6 /* Release */,
			);
			defaultConfigurationIsVisible = 0;
			defaultConfigurationName = Release;
		};
/* End XCConfigurationList section */

/* Begin XCVersionGroup section */
		76B89EC02755F3FE00B2A4D6 /* SpitAppDemo.xcdatamodeld */ = {
			isa = XCVersionGroup;
			children = (
				76B89EC12755F3FE00B2A4D6 /* SpitAppDemo.xcdatamodel */,
			);
			currentVersion = 76B89EC12755F3FE00B2A4D6 /* SpitAppDemo.xcdatamodel */;
			path = SpitAppDemo.xcdatamodeld;
			sourceTree = "<group>";
			versionGroupType = wrapper.xcdatamodel;
		};
/* End XCVersionGroup section */
	};
	rootObject = 76B89EAC2755F3FE00B2A4D6 /* Project object */;
}
